
Microsoft Visual Studio Solution File, Format Version 11.00
# Visual Studio 2010
Project("{FAE04EC0-301F-11D3-BF4B-00C04F79EFBC}") = "Assembly-CSharp", "Assembly-CSharp.csproj", "{3aa82c6d-2985-9391-3570-b107858df8c1}"
EndProject
Project("{FAE04EC0-301F-11D3-BF4B-00C04F79EFBC}") = "Assembly-CSharp-Editor-firstpass", "Assembly-CSharp-Editor-firstpass.csproj", "{d826754c-4f8d-becd-9c22-d186a69e4cb9}"
EndProject
Global
	GlobalSection(SolutionConfigurationPlatforms) = preSolution
		Debug|Any CPU = Debug|Any CPU
	EndGlobalSection
	GlobalSection(ProjectConfigurationPlatforms) = postSolution
		{3aa82c6d-2985-9391-3570-b107858df8c1}.Debug|Any CPU.ActiveCfg = Debug|Any CPU
		{3aa82c6d-2985-9391-3570-b107858df8c1}.Debug|Any CPU.Build.0 = Debug|Any CPU
		{d826754c-4f8d-becd-9c22-d186a69e4cb9}.Debug|Any CPU.ActiveCfg = Debug|Any CPU
		{d826754c-4f8d-becd-9c22-d186a69e4cb9}.Debug|Any CPU.Build.0 = Debug|Any CPU
	EndGlobalSection
	GlobalSection(SolutionProperties) = preSolution
		HideSolutionNode = FALSE
	EndGlobalSection
EndGlobal
